
Microsoft Visual Studio Solution File, Format Version 12.00
# Visual Studio Version 17
VisualStudioVersion = 17.14.36518.9 d17.14
MinimumVisualStudioVersion = 10.0.40219.1
Project("{FAE04EC0-301F-11D3-BF4B-00C04F79EFBC}") = "DİJİTAL YOKLAMA SİSTEMİ", "DİJİTAL YOKLAMA SİSTEMİ.csproj", "{CF4D1448-D02E-497B-865E-644DB9015075}"
EndProject
Global
	GlobalSection(SolutionConfigurationPlatforms) = preSolution
		Debug|Any CPU = Debug|Any CPU
		Release|Any CPU = Release|Any CPU
	EndGlobalSection
	GlobalSection(ProjectConfigurationPlatforms) = postSolution
		{CF4D1448-D02E-497B-865E-644DB9015075}.Debug|Any CPU.ActiveCfg = Debug|Any CPU
		{CF4D1448-D02E-497B-865E-644DB9015075}.Debug|Any CPU.Build.0 = Debug|Any CPU
		{CF4D1448-D02E-497B-865E-644DB9015075}.Release|Any CPU.ActiveCfg = Release|Any CPU
		{CF4D1448-D02E-497B-865E-644DB9015075}.Release|Any CPU.Build.0 = Release|Any CPU
	EndGlobalSection
	GlobalSection(SolutionProperties) = preSolution
		HideSolutionNode = FALSE
	EndGlobalSection
	GlobalSection(ExtensibilityGlobals) = postSolution
		SolutionGuid = {49C5998A-E602-4F31-99C5-6D63B6BA0F7F}
	EndGlobalSection
EndGlobal
